
Microsoft Visual Studio Solution File, Format Version 12.00
Project("{FAE04EC0-301F-11D3-BF4B-00C04F79EFBC}") = "Projector.Queue", "Projector.Queue\Projector.Queue.csproj", "{3E6A50A4-36E2-4905-8866-A11CE0839E18}"
EndProject
Global
	GlobalSection(SolutionConfigurationPlatforms) = preSolution
		Debug|Any CPU = Debug|Any CPU
		Release|Any CPU = Release|Any CPU
	EndGlobalSection
	GlobalSection(ProjectConfigurationPlatforms) = postSolution
		{3E6A50A4-36E2-4905-8866-A11CE0839E18}.Debug|Any CPU.ActiveCfg = Debug|Any CPU
		{3E6A50A4-36E2-4905-8866-A11CE0839E18}.Debug|Any CPU.Build.0 = Debug|Any CPU
		{3E6A50A4-36E2-4905-8866-A11CE0839E18}.Release|Any CPU.ActiveCfg = Release|Any CPU
		{3E6A50A4-36E2-4905-8866-A11CE0839E18}.Release|Any CPU.Build.0 = Release|Any CPU
	EndGlobalSection
EndGlobal
